
Microsoft Visual Studio Solution File, Format Version 12.00
# Visual Studio Version 17
VisualStudioVersion = 17.9.34701.34
MinimumVisualStudioVersion = 10.0.40219.1
Project("{9A19103F-16F7-4668-BE54-9A1E7A4F7556}") = "SamaCardAll.Core", "SamaCardAll.Core\SamaCardAll.Core.csproj", "{B94533B2-8CFD-48BF-A12D-B6A5680A04CC}"
EndProject
Project("{9A19103F-16F7-4668-BE54-9A1E7A4F7556}") = "SamaCardAll.Api", "SamaCardAll.Api\SamaCardAll.Api.csproj", "{DDE8D069-11DF-4CAC-9C6B-BC627083D1AA}"
EndProject
Project("{9A19103F-16F7-4668-BE54-9A1E7A4F7556}") = "SamaCardAll.Infra", "SamaCardAll.Infra\SamaCardAll.Infra.csproj", "{A7615CA0-1DF5-416F-ABCC-4CE6C7FA4CEA}"
EndProject
Project("{9A19103F-16F7-4668-BE54-9A1E7A4F7556}") = "FrontWeb", "FrontWeb\FrontWeb.csproj", "{50F2008D-45A1-4B48-8839-FF0701A2F8D0}"
EndProject
Global
	GlobalSection(SolutionConfigurationPlatforms) = preSolution
		Debug|Any CPU = Debug|Any CPU
		Release|Any CPU = Release|Any CPU
	EndGlobalSection
	GlobalSection(ProjectConfigurationPlatforms) = postSolution
		{B94533B2-8CFD-48BF-A12D-B6A5680A04CC}.Debug|Any CPU.ActiveCfg = Debug|Any CPU
		{B94533B2-8CFD-48BF-A12D-B6A5680A04CC}.Debug|Any CPU.Build.0 = Debug|Any CPU
		{B94533B2-8CFD-48BF-A12D-B6A5680A04CC}.Release|Any CPU.ActiveCfg = Release|Any CPU
		{B94533B2-8CFD-48BF-A12D-B6A5680A04CC}.Release|Any CPU.Build.0 = Release|Any CPU
		{DDE8D069-11DF-4CAC-9C6B-BC627083D1AA}.Debug|Any CPU.ActiveCfg = Debug|Any CPU
		{DDE8D069-11DF-4CAC-9C6B-BC627083D1AA}.Debug|Any CPU.Build.0 = Debug|Any CPU
		{DDE8D069-11DF-4CAC-9C6B-BC627083D1AA}.Release|Any CPU.ActiveCfg = Release|Any CPU
		{DDE8D069-11DF-4CAC-9C6B-BC627083D1AA}.Release|Any CPU.Build.0 = Release|Any CPU
		{A7615CA0-1DF5-416F-ABCC-4CE6C7FA4CEA}.Debug|Any CPU.ActiveCfg = Debug|Any CPU
		{A7615CA0-1DF5-416F-ABCC-4CE6C7FA4CEA}.Debug|Any CPU.Build.0 = Debug|Any CPU
		{A7615CA0-1DF5-416F-ABCC-4CE6C7FA4CEA}.Release|Any CPU.ActiveCfg = Release|Any CPU
		{A7615CA0-1DF5-416F-ABCC-4CE6C7FA4CEA}.Release|Any CPU.Build.0 = Release|Any CPU
		{50F2008D-45A1-4B48-8839-FF0701A2F8D0}.Debug|Any CPU.ActiveCfg = Debug|Any CPU
		{50F2008D-45A1-4B48-8839-FF0701A2F8D0}.Debug|Any CPU.Build.0 = Debug|Any CPU
		{50F2008D-45A1-4B48-8839-FF0701A2F8D0}.Release|Any CPU.ActiveCfg = Release|Any CPU
		{50F2008D-45A1-4B48-8839-FF0701A2F8D0}.Release|Any CPU.Build.0 = Release|Any CPU
	EndGlobalSection
	GlobalSection(SolutionProperties) = preSolution
		HideSolutionNode = FALSE
	EndGlobalSection
	GlobalSection(ExtensibilityGlobals) = postSolution
		SolutionGuid = {F184A912-88F0-4033-99AF-2FA5EC85C1AB}
	EndGlobalSection
EndGlobal
