
Microsoft Visual Studio Solution File, Format Version 12.00
# Visual Studio Version 17
VisualStudioVersion = 17.5.002.0
MinimumVisualStudioVersion = 10.0.40219.1
Project("{9A19103F-16F7-4668-BE54-9A1E7A4F7556}") = "FrontWeb", "FrontWeb.csproj", "{DE66C4EE-55DE-472C-B1D3-D72C26BC8975}"
EndProject
Global
	GlobalSection(SolutionConfigurationPlatforms) = preSolution
		Debug|Any CPU = Debug|Any CPU
		Release|Any CPU = Release|Any CPU
	EndGlobalSection
	GlobalSection(ProjectConfigurationPlatforms) = postSolution
		{DE66C4EE-55DE-472C-B1D3-D72C26BC8975}.Debug|Any CPU.ActiveCfg = Debug|Any CPU
		{DE66C4EE-55DE-472C-B1D3-D72C26BC8975}.Debug|Any CPU.Build.0 = Debug|Any CPU
		{DE66C4EE-55DE-472C-B1D3-D72C26BC8975}.Release|Any CPU.ActiveCfg = Release|Any CPU
		{DE66C4EE-55DE-472C-B1D3-D72C26BC8975}.Release|Any CPU.Build.0 = Release|Any CPU
	EndGlobalSection
	GlobalSection(SolutionProperties) = preSolution
		HideSolutionNode = FALSE
	EndGlobalSection
	GlobalSection(ExtensibilityGlobals) = postSolution
		SolutionGuid = {9FA64D3D-44F2-424B-8D9C-9D4F262A02FC}
	EndGlobalSection
EndGlobal
